
Microsoft Visual Studio Solution File, Format Version 12.00
# Visual Studio Version 16
VisualStudioVersion = 16.0.32407.337
MinimumVisualStudioVersion = 10.0.40219.1
Project("{FAE04EC0-301F-11D3-BF4B-00C04F79EFBC}") = "SrtipeWebHook", "SrtipeWebHook.csproj", "{8E1351D8-BFF8-40D1-958C-9DB54748AE70}"
EndProject
Global
	GlobalSection(SolutionConfigurationPlatforms) = preSolution
		Debug|Any CPU = Debug|Any CPU
		Release|Any CPU = Release|Any CPU
	EndGlobalSection
	GlobalSection(ProjectConfigurationPlatforms) = postSolution
		{8E1351D8-BFF8-40D1-958C-9DB54748AE70}.Debug|Any CPU.ActiveCfg = Debug|Any CPU
		{8E1351D8-BFF8-40D1-958C-9DB54748AE70}.Debug|Any CPU.Build.0 = Debug|Any CPU
		{8E1351D8-BFF8-40D1-958C-9DB54748AE70}.Release|Any CPU.ActiveCfg = Release|Any CPU
		{8E1351D8-BFF8-40D1-958C-9DB54748AE70}.Release|Any CPU.Build.0 = Release|Any CPU
	EndGlobalSection
	GlobalSection(SolutionProperties) = preSolution
		HideSolutionNode = FALSE
	EndGlobalSection
	GlobalSection(ExtensibilityGlobals) = postSolution
		SolutionGuid = {27405408-46D0-4ABB-83A1-1D7BDCA26BB2}
	EndGlobalSection
EndGlobal
